// !$*UTF8*$!
{
	archiveVersion = 1;
	classes = {
	};
	objectVersion = 46;
	objects = {

/* Begin PBXBuildFile section */
		C9DF199FBFA1179DDA72B40D /* Pods_Weibo.framework in Frameworks */ = {isa = PBXBuildFile; fileRef = 30E6E7712CF5EC48D133D80F /* Pods_Weibo.framework */; settings = {ATTRIBUTES = (Weak, ); }; };
		E74FF7031DA8F86D00012B97 /* AppDelegate.swift in Sources */ = {isa = PBXBuildFile; fileRef = E74FF7021DA8F86D00012B97 /* AppDelegate.swift */; };
		E74FF70A1DA8F86D00012B97 /* Assets.xcassets in Resources */ = {isa = PBXBuildFile; fileRef = E74FF7091DA8F86D00012B97 /* Assets.xcassets */; };
		E74FF7181DA8F86D00012B97 /* WeiboTests.swift in Sources */ = {isa = PBXBuildFile; fileRef = E74FF7171DA8F86D00012B97 /* WeiboTests.swift */; };
		E74FF7231DA8F86E00012B97 /* WeiboUITests.swift in Sources */ = {isa = PBXBuildFile; fileRef = E74FF7221DA8F86E00012B97 /* WeiboUITests.swift */; };
		E7E66B9C1DADDDB5006CBA8A /* MainViewController.swift in Sources */ = {isa = PBXBuildFile; fileRef = E7E66B9B1DADDDB5006CBA8A /* MainViewController.swift */; };
		E7E66B9E1DADDDCC006CBA8A /* HomeViewController.swift in Sources */ = {isa = PBXBuildFile; fileRef = E7E66B9D1DADDDCC006CBA8A /* HomeViewController.swift */; };
		E7E66BA01DADDDDC006CBA8A /* DiscoverViewController.swift in Sources */ = {isa = PBXBuildFile; fileRef = E7E66B9F1DADDDDC006CBA8A /* DiscoverViewController.swift */; };
		E7E66BA21DADDDF1006CBA8A /* MessageViewController.swift in Sources */ = {isa = PBXBuildFile; fileRef = E7E66BA11DADDDF1006CBA8A /* MessageViewController.swift */; };
		E7E66BA41DADDE00006CBA8A /* ProfileViewController.swift in Sources */ = {isa = PBXBuildFile; fileRef = E7E66BA31DADDE00006CBA8A /* ProfileViewController.swift */; };
		E7E66BA81DAE15F8006CBA8A /* MainVCSettings.json in Resources */ = {isa = PBXBuildFile; fileRef = E7E66BA61DAE15F8006CBA8A /* MainVCSettings.json */; };
		E7E66BA91DAE15F8006CBA8A /* NullViewController.swift in Sources */ = {isa = PBXBuildFile; fileRef = E7E66BA71DAE15F8006CBA8A /* NullViewController.swift */; };
		E7E66BAB1DAE3D39006CBA8A /* UIButton-Extension.swift in Sources */ = {isa = PBXBuildFile; fileRef = E7E66BAA1DAE3D38006CBA8A /* UIButton-Extension.swift */; };
		E7E66BB01DAE7DEB006CBA8A /* Main.storyboard in Resources */ = {isa = PBXBuildFile; fileRef = E7E66BAE1DAE7DEB006CBA8A /* Main.storyboard */; };
		E7E66BB31DAE7FE8006CBA8A /* Home.storyboard in Resources */ = {isa = PBXBuildFile; fileRef = E7E66BB11DAE7FE8006CBA8A /* Home.storyboard */; };
		E7E66BB61DAE7FFD006CBA8A /* Message.storyboard in Resources */ = {isa = PBXBuildFile; fileRef = E7E66BB41DAE7FFD006CBA8A /* Message.storyboard */; };
		E7E66BB91DAE8016006CBA8A /* Null.storyboard in Resources */ = {isa = PBXBuildFile; fileRef = E7E66BB71DAE8016006CBA8A /* Null.storyboard */; };
		E7E66BBE1DAE8045006CBA8A /* Profile.storyboard in Resources */ = {isa = PBXBuildFile; fileRef = E7E66BBC1DAE8045006CBA8A /* Profile.storyboard */; };
		E7E66BC01DAE8179006CBA8A /* BaseViewController.swift in Sources */ = {isa = PBXBuildFile; fileRef = E7E66BBF1DAE8179006CBA8A /* BaseViewController.swift */; };
		E7E66BC71DAE82B9006CBA8A /* Discover.storyboard in Resources */ = {isa = PBXBuildFile; fileRef = E7E66BC51DAE82B9006CBA8A /* Discover.storyboard */; };
		E7E66BC91DAE8BD0006CBA8A /* TouristView.swift in Sources */ = {isa = PBXBuildFile; fileRef = E7E66BC81DAE8BD0006CBA8A /* TouristView.swift */; };
		E7E66BCB1DAE8C81006CBA8A /* TouristView.xib in Resources */ = {isa = PBXBuildFile; fileRef = E7E66BCA1DAE8C81006CBA8A /* TouristView.xib */; };
		E7E66BCF1DAF3E07006CBA8A /* UIBarButtonItem-Extension.swift in Sources */ = {isa = PBXBuildFile; fileRef = E7E66BCE1DAF3E07006CBA8A /* UIBarButtonItem-Extension.swift */; };
		E7E66BD31DAF6802006CBA8A /* TitleButton.swift in Sources */ = {isa = PBXBuildFile; fileRef = E7E66BD21DAF6802006CBA8A /* TitleButton.swift */; };
		E7E66BD61DAF72E9006CBA8A /* Popover.storyboard in Resources */ = {isa = PBXBuildFile; fileRef = E7E66BD51DAF72E9006CBA8A /* Popover.storyboard */; };
		E7E66BD81DAF780B006CBA8A /* WHPresentationController.swift in Sources */ = {isa = PBXBuildFile; fileRef = E7E66BD71DAF780B006CBA8A /* WHPresentationController.swift */; };
		E7E66BDA1DAF906F006CBA8A /* PopoverViewController.swift in Sources */ = {isa = PBXBuildFile; fileRef = E7E66BD91DAF906F006CBA8A /* PopoverViewController.swift */; };
		E7E66CA41DB46E17006CBA8A /* WHPresentationManager.swift in Sources */ = {isa = PBXBuildFile; fileRef = E7E66CA31DB46E17006CBA8A /* WHPresentationManager.swift */; };
		E7E66CA71DB479D8006CBA8A /* QRCode.storyboard in Resources */ = {isa = PBXBuildFile; fileRef = E7E66CA61DB479D8006CBA8A /* QRCode.storyboard */; };
		E7E66CA91DB49AA4006CBA8A /* QRCodeViewController.swift in Sources */ = {isa = PBXBuildFile; fileRef = E7E66CA81DB49AA4006CBA8A /* QRCodeViewController.swift */; };
/* End PBXBuildFile section */

/* Begin PBXContainerItemProxy section */
		E74FF7141DA8F86D00012B97 /* PBXContainerItemProxy */ = {
			isa = PBXContainerItemProxy;
			containerPortal = E74FF6F71DA8F86D00012B97 /* Project object */;
			proxyType = 1;
			remoteGlobalIDString = E74FF6FE1DA8F86D00012B97;
			remoteInfo = Weibo;
		};
		E74FF71F1DA8F86D00012B97 /* PBXContainerItemProxy */ = {
			isa = PBXContainerItemProxy;
			containerPortal = E74FF6F71DA8F86D00012B97 /* Project object */;
			proxyType = 1;
			remoteGlobalIDString = E74FF6FE1DA8F86D00012B97;
			remoteInfo = Weibo;
		};
/* End PBXContainerItemProxy section */

/* Begin PBXFileReference section */
		232D7AEBFB40850EA3DFF353 /* Pods-Weibo.debug.xcconfig */ = {isa = PBXFileReference; includeInIndex = 1; lastKnownFileType = text.xcconfig; name = "Pods-Weibo.debug.xcconfig"; path = "Pods/Target Support Files/Pods-Weibo/Pods-Weibo.debug.xcconfig"; sourceTree = "<group>"; };
		30E6E7712CF5EC48D133D80F /* Pods_Weibo.framework */ = {isa = PBXFileReference; explicitFileType = wrapper.framework; includeInIndex = 0; path = Pods_Weibo.framework; sourceTree = BUILT_PRODUCTS_DIR; };
		47A1A735D33C4DF89A35C18E /* Pods-Weibo.release.xcconfig */ = {isa = PBXFileReference; includeInIndex = 1; lastKnownFileType = text.xcconfig; name = "Pods-Weibo.release.xcconfig"; path = "Pods/Target Support Files/Pods-Weibo/Pods-Weibo.release.xcconfig"; sourceTree = "<group>"; };
		E74FF6FF1DA8F86D00012B97 /* Weibo.app */ = {isa = PBXFileReference; explicitFileType = wrapper.application; includeInIndex = 0; path = Weibo.app; sourceTree = BUILT_PRODUCTS_DIR; };
		E74FF7021DA8F86D00012B97 /* AppDelegate.swift */ = {isa = PBXFileReference; lastKnownFileType = sourcecode.swift; path = AppDelegate.swift; sourceTree = "<group>"; };
		E74FF7091DA8F86D00012B97 /* Assets.xcassets */ = {isa = PBXFileReference; lastKnownFileType = folder.assetcatalog; path = Assets.xcassets; sourceTree = "<group>"; };
		E74FF70E1DA8F86D00012B97 /* Info.plist */ = {isa = PBXFileReference; lastKnownFileType = text.plist.xml; path = Info.plist; sourceTree = "<group>"; };
		E74FF7131DA8F86D00012B97 /* WeiboTests.xctest */ = {isa = PBXFileReference; explicitFileType = wrapper.cfbundle; includeInIndex = 0; path = WeiboTests.xctest; sourceTree = BUILT_PRODUCTS_DIR; };
		E74FF7171DA8F86D00012B97 /* WeiboTests.swift */ = {isa = PBXFileReference; lastKnownFileType = sourcecode.swift; path = WeiboTests.swift; sourceTree = "<group>"; };
		E74FF7191DA8F86D00012B97 /* Info.plist */ = {isa = PBXFileReference; lastKnownFileType = text.plist.xml; path = Info.plist; sourceTree = "<group>"; };
		E74FF71E1DA8F86D00012B97 /* WeiboUITests.xctest */ = {isa = PBXFileReference; explicitFileType = wrapper.cfbundle; includeInIndex = 0; path = WeiboUITests.xctest; sourceTree = BUILT_PRODUCTS_DIR; };
		E74FF7221DA8F86E00012B97 /* WeiboUITests.swift */ = {isa = PBXFileReference; lastKnownFileType = sourcecode.swift; path = WeiboUITests.swift; sourceTree = "<group>"; };
		E74FF7241DA8F86E00012B97 /* Info.plist */ = {isa = PBXFileReference; lastKnownFileType = text.plist.xml; path = Info.plist; sourceTree = "<group>"; };
		E7E66B9B1DADDDB5006CBA8A /* MainViewController.swift */ = {isa = PBXFileReference; fileEncoding = 4; lastKnownFileType = sourcecode.swift; path = MainViewController.swift; sourceTree = "<group>"; };
		E7E66B9D1DADDDCC006CBA8A /* HomeViewController.swift */ = {isa = PBXFileReference; fileEncoding = 4; lastKnownFileType = sourcecode.swift; path = HomeViewController.swift; sourceTree = "<group>"; };
		E7E66B9F1DADDDDC006CBA8A /* DiscoverViewController.swift */ = {isa = PBXFileReference; fileEncoding = 4; lastKnownFileType = sourcecode.swift; path = DiscoverViewController.swift; sourceTree = "<group>"; };
		E7E66BA11DADDDF1006CBA8A /* MessageViewController.swift */ = {isa = PBXFileReference; fileEncoding = 4; lastKnownFileType = sourcecode.swift; path = MessageViewController.swift; sourceTree = "<group>"; };
		E7E66BA31DADDE00006CBA8A /* ProfileViewController.swift */ = {isa = PBXFileReference; fileEncoding = 4; lastKnownFileType = sourcecode.swift; path = ProfileViewController.swift; sourceTree = "<group>"; };
		E7E66BA61DAE15F8006CBA8A /* MainVCSettings.json */ = {isa = PBXFileReference; fileEncoding = 4; lastKnownFileType = text.json; path = MainVCSettings.json; sourceTree = "<group>"; };
		E7E66BA71DAE15F8006CBA8A /* NullViewController.swift */ = {isa = PBXFileReference; fileEncoding = 4; lastKnownFileType = sourcecode.swift; path = NullViewController.swift; sourceTree = "<group>"; };
		E7E66BAA1DAE3D38006CBA8A /* UIButton-Extension.swift */ = {isa = PBXFileReference; fileEncoding = 4; lastKnownFileType = sourcecode.swift; path = "UIButton-Extension.swift"; sourceTree = "<group>"; };
		E7E66BAF1DAE7DEB006CBA8A /* Base */ = {isa = PBXFileReference; lastKnownFileType = file.storyboard; name = Base; path = Weibo/Base.lproj/Main.storyboard; sourceTree = SOURCE_ROOT; };
		E7E66BB21DAE7FE8006CBA8A /* Base */ = {isa = PBXFileReference; lastKnownFileType = file.storyboard; name = Base; path = Weibo/Base.lproj/Home.storyboard; sourceTree = SOURCE_ROOT; };
		E7E66BB51DAE7FFD006CBA8A /* Base */ = {isa = PBXFileReference; lastKnownFileType = file.storyboard; name = Base; path = Weibo/Base.lproj/Message.storyboard; sourceTree = SOURCE_ROOT; };
		E7E66BB81DAE8016006CBA8A /* Base */ = {isa = PBXFileReference; lastKnownFileType = file.storyboard; name = Base; path = Weibo/Base.lproj/Null.storyboard; sourceTree = SOURCE_ROOT; };
		E7E66BBD1DAE8045006CBA8A /* Base */ = {isa = PBXFileReference; lastKnownFileType = file.storyboard; name = Base; path = Weibo/Base.lproj/Profile.storyboard; sourceTree = SOURCE_ROOT; };
		E7E66BBF1DAE8179006CBA8A /* BaseViewController.swift */ = {isa = PBXFileReference; fileEncoding = 4; lastKnownFileType = sourcecode.swift; path = BaseViewController.swift; sourceTree = "<group>"; };
		E7E66BC61DAE82B9006CBA8A /* Base */ = {isa = PBXFileReference; lastKnownFileType = file.storyboard; name = Base; path = Weibo/Base.lproj/Discover.storyboard; sourceTree = SOURCE_ROOT; };
		E7E66BC81DAE8BD0006CBA8A /* TouristView.swift */ = {isa = PBXFileReference; fileEncoding = 4; lastKnownFileType = sourcecode.swift; path = TouristView.swift; sourceTree = "<group>"; };
		E7E66BCA1DAE8C81006CBA8A /* TouristView.xib */ = {isa = PBXFileReference; fileEncoding = 4; lastKnownFileType = file.xib; path = TouristView.xib; sourceTree = "<group>"; };
		E7E66BCE1DAF3E07006CBA8A /* UIBarButtonItem-Extension.swift */ = {isa = PBXFileReference; fileEncoding = 4; lastKnownFileType = sourcecode.swift; path = "UIBarButtonItem-Extension.swift"; sourceTree = "<group>"; };
		E7E66BD21DAF6802006CBA8A /* TitleButton.swift */ = {isa = PBXFileReference; fileEncoding = 4; lastKnownFileType = sourcecode.swift; path = TitleButton.swift; sourceTree = "<group>"; };
		E7E66BD51DAF72E9006CBA8A /* Popover.storyboard */ = {isa = PBXFileReference; fileEncoding = 4; lastKnownFileType = file.storyboard; path = Popover.storyboard; sourceTree = "<group>"; };
		E7E66BD71DAF780B006CBA8A /* WHPresentationController.swift */ = {isa = PBXFileReference; fileEncoding = 4; lastKnownFileType = sourcecode.swift; path = WHPresentationController.swift; sourceTree = "<group>"; };
		E7E66BD91DAF906F006CBA8A /* PopoverViewController.swift */ = {isa = PBXFileReference; fileEncoding = 4; lastKnownFileType = sourcecode.swift; path = PopoverViewController.swift; sourceTree = "<group>"; };
		E7E66CA31DB46E17006CBA8A /* WHPresentationManager.swift */ = {isa = PBXFileReference; fileEncoding = 4; lastKnownFileType = sourcecode.swift; path = WHPresentationManager.swift; sourceTree = "<group>"; };
		E7E66CA61DB479D8006CBA8A /* QRCode.storyboard */ = {isa = PBXFileReference; fileEncoding = 4; lastKnownFileType = file.storyboard; path = QRCode.storyboard; sourceTree = "<group>"; };
		E7E66CA81DB49AA4006CBA8A /* QRCodeViewController.swift */ = {isa = PBXFileReference; fileEncoding = 4; lastKnownFileType = sourcecode.swift; path = QRCodeViewController.swift; sourceTree = "<group>"; };
/* End PBXFileReference section */

/* Begin PBXFrameworksBuildPhase section */
		E74FF6FC1DA8F86D00012B97 /* Frameworks */ = {
			isa = PBXFrameworksBuildPhase;
			buildActionMask = 2147483647;
			files = (
				C9DF199FBFA1179DDA72B40D /* Pods_Weibo.framework in Frameworks */,
			);
			runOnlyForDeploymentPostprocessing = 0;
		};
		E74FF7101DA8F86D00012B97 /* Frameworks */ = {
			isa = PBXFrameworksBuildPhase;
			buildActionMask = 2147483647;
			files = (
			);
			runOnlyForDeploymentPostprocessing = 0;
		};
		E74FF71B1DA8F86D00012B97 /* Frameworks */ = {
			isa = PBXFrameworksBuildPhase;
			buildActionMask = 2147483647;
			files = (
			);
			runOnlyForDeploymentPostprocessing = 0;
		};
/* End PBXFrameworksBuildPhase section */

/* Begin PBXGroup section */
		5E2104D0F3F0A0A9A66CF32C /* Pods */ = {
			isa = PBXGroup;
			children = (
				232D7AEBFB40850EA3DFF353 /* Pods-Weibo.debug.xcconfig */,
				47A1A735D33C4DF89A35C18E /* Pods-Weibo.release.xcconfig */,
			);
			name = Pods;
			sourceTree = "<group>";
		};
		88B24F42A86CF8562262A768 /* Frameworks */ = {
			isa = PBXGroup;
			children = (
				30E6E7712CF5EC48D133D80F /* Pods_Weibo.framework */,
			);
			name = Frameworks;
			sourceTree = "<group>";
		};
		E74FF6F61DA8F86D00012B97 = {
			isa = PBXGroup;
			children = (
				E74FF7011DA8F86D00012B97 /* Weibo */,
				E74FF7161DA8F86D00012B97 /* WeiboTests */,
				E74FF7211DA8F86E00012B97 /* WeiboUITests */,
				E74FF7001DA8F86D00012B97 /* Products */,
				5E2104D0F3F0A0A9A66CF32C /* Pods */,
				88B24F42A86CF8562262A768 /* Frameworks */,
			);
			sourceTree = "<group>";
		};
		E74FF7001DA8F86D00012B97 /* Products */ = {
			isa = PBXGroup;
			children = (
				E74FF6FF1DA8F86D00012B97 /* Weibo.app */,
				E74FF7131DA8F86D00012B97 /* WeiboTests.xctest */,
				E74FF71E1DA8F86D00012B97 /* WeiboUITests.xctest */,
			);
			name = Products;
			sourceTree = "<group>";
		};
		E74FF7011DA8F86D00012B97 /* Weibo */ = {
			isa = PBXGroup;
			children = (
				E7E66B931DADD7B9006CBA8A /* Classes */,
				E74FF7021DA8F86D00012B97 /* AppDelegate.swift */,
				E74FF7091DA8F86D00012B97 /* Assets.xcassets */,
				E74FF70E1DA8F86D00012B97 /* Info.plist */,
			);
			path = Weibo;
			sourceTree = "<group>";
		};
		E74FF7161DA8F86D00012B97 /* WeiboTests */ = {
			isa = PBXGroup;
			children = (
				E74FF7171DA8F86D00012B97 /* WeiboTests.swift */,
				E74FF7191DA8F86D00012B97 /* Info.plist */,
			);
			path = WeiboTests;
			sourceTree = "<group>";
		};
		E74FF7211DA8F86E00012B97 /* WeiboUITests */ = {
			isa = PBXGroup;
			children = (
				E74FF7221DA8F86E00012B97 /* WeiboUITests.swift */,
				E74FF7241DA8F86E00012B97 /* Info.plist */,
			);
			path = WeiboUITests;
			sourceTree = "<group>";
		};
		E7E66B931DADD7B9006CBA8A /* Classes */ = {
			isa = PBXGroup;
			children = (
				E7E66B941DADD7B9006CBA8A /* Compose */,
				E7E66B951DADD7B9006CBA8A /* Discover */,
				E7E66B961DADD7B9006CBA8A /* Home */,
				E7E66B971DADD7B9006CBA8A /* Main */,
				E7E66B981DADD7B9006CBA8A /* Message */,
				E7E66B991DADD7B9006CBA8A /* Profile */,
				E7E66B9A1DADD7B9006CBA8A /* Tools */,
			);
			path = Classes;
			sourceTree = "<group>";
		};
		E7E66B941DADD7B9006CBA8A /* Compose */ = {
			isa = PBXGroup;
			children = (
			);
			path = Compose;
			sourceTree = "<group>";
		};
		E7E66B951DADD7B9006CBA8A /* Discover */ = {
			isa = PBXGroup;
			children = (
				E7E66B9F1DADDDDC006CBA8A /* DiscoverViewController.swift */,
				E7E66BC51DAE82B9006CBA8A /* Discover.storyboard */,
			);
			path = Discover;
			sourceTree = "<group>";
		};
		E7E66B961DADD7B9006CBA8A /* Home */ = {
			isa = PBXGroup;
			children = (
				E7E66CA51DB479BE006CBA8A /* QRCode */,
				E7E66BD41DAF72C9006CBA8A /* Popover */,
				E7E66B9D1DADDDCC006CBA8A /* HomeViewController.swift */,
				E7E66BB11DAE7FE8006CBA8A /* Home.storyboard */,
			);
			path = Home;
			sourceTree = "<group>";
		};
		E7E66B971DADD7B9006CBA8A /* Main */ = {
			isa = PBXGroup;
			children = (
				E7E66BA51DAE15F8006CBA8A /* Resource */,
				E7E66B9B1DADDDB5006CBA8A /* MainViewController.swift */,
				E7E66BBF1DAE8179006CBA8A /* BaseViewController.swift */,
				E7E66BAE1DAE7DEB006CBA8A /* Main.storyboard */,
				E7E66BC81DAE8BD0006CBA8A /* TouristView.swift */,
				E7E66BCA1DAE8C81006CBA8A /* TouristView.xib */,
			);
			path = Main;
			sourceTree = "<group>";
		};
		E7E66B981DADD7B9006CBA8A /* Message */ = {
			isa = PBXGroup;
			children = (
				E7E66BB41DAE7FFD006CBA8A /* Message.storyboard */,
				E7E66BA11DADDDF1006CBA8A /* MessageViewController.swift */,
			);
			path = Message;
			sourceTree = "<group>";
		};
		E7E66B991DADD7B9006CBA8A /* Profile */ = {
			isa = PBXGroup;
			children = (
				E7E66BBC1DAE8045006CBA8A /* Profile.storyboard */,
				E7E66BA31DADDE00006CBA8A /* ProfileViewController.swift */,
			);
			path = Profile;
			sourceTree = "<group>";
		};
		E7E66B9A1DADD7B9006CBA8A /* Tools */ = {
			isa = PBXGroup;
			children = (
				E7E66BAA1DAE3D38006CBA8A /* UIButton-Extension.swift */,
				E7E66BCE1DAF3E07006CBA8A /* UIBarButtonItem-Extension.swift */,
				E7E66BD21DAF6802006CBA8A /* TitleButton.swift */,
			);
			path = Tools;
			sourceTree = "<group>";
		};
		E7E66BA51DAE15F8006CBA8A /* Resource */ = {
			isa = PBXGroup;
			children = (
				E7E66BA61DAE15F8006CBA8A /* MainVCSettings.json */,
				E7E66BB71DAE8016006CBA8A /* Null.storyboard */,
				E7E66BA71DAE15F8006CBA8A /* NullViewController.swift */,
			);
			path = Resource;
			sourceTree = "<group>";
		};
		E7E66BD41DAF72C9006CBA8A /* Popover */ = {
			isa = PBXGroup;
			children = (
				E7E66BD51DAF72E9006CBA8A /* Popover.storyboard */,
				E7E66BD91DAF906F006CBA8A /* PopoverViewController.swift */,
				E7E66BD71DAF780B006CBA8A /* WHPresentationController.swift */,
				E7E66CA31DB46E17006CBA8A /* WHPresentationManager.swift */,
			);
			path = Popover;
			sourceTree = "<group>";
		};
		E7E66CA51DB479BE006CBA8A /* QRCode */ = {
			isa = PBXGroup;
			children = (
				E7E66CA61DB479D8006CBA8A /* QRCode.storyboard */,
				E7E66CA81DB49AA4006CBA8A /* QRCodeViewController.swift */,
			);
			path = QRCode;
			sourceTree = "<group>";
		};
/* End PBXGroup section */

/* Begin PBXNativeTarget section */
		E74FF6FE1DA8F86D00012B97 /* Weibo */ = {
			isa = PBXNativeTarget;
			buildConfigurationList = E74FF7271DA8F86E00012B97 /* Build configuration list for PBXNativeTarget "Weibo" */;
			buildPhases = (
				C651F6008FAC174FD659F9A3 /* [CP] Check Pods Manifest.lock */,
				E74FF6FB1DA8F86D00012B97 /* Sources */,
				E74FF6FC1DA8F86D00012B97 /* Frameworks */,
				E74FF6FD1DA8F86D00012B97 /* Resources */,
				00A4DAD264DE4B6065F4A41C /* [CP] Embed Pods Frameworks */,
				2AFB38F6FB1481A0A8534815 /* [CP] Copy Pods Resources */,
			);
			buildRules = (
			);
			dependencies = (
			);
			name = Weibo;
			productName = Weibo;
			productReference = E74FF6FF1DA8F86D00012B97 /* Weibo.app */;
			productType = "com.apple.product-type.application";
		};
		E74FF7121DA8F86D00012B97 /* WeiboTests */ = {
			isa = PBXNativeTarget;
			buildConfigurationList = E74FF72A1DA8F86E00012B97 /* Build configuration list for PBXNativeTarget "WeiboTests" */;
			buildPhases = (
				E74FF70F1DA8F86D00012B97 /* Sources */,
				E74FF7101DA8F86D00012B97 /* Frameworks */,
				E74FF7111DA8F86D00012B97 /* Resources */,
			);
			buildRules = (
			);
			dependencies = (
				E74FF7151DA8F86D00012B97 /* PBXTargetDependency */,
			);
			name = WeiboTests;
			productName = WeiboTests;
			productReference = E74FF7131DA8F86D00012B97 /* WeiboTests.xctest */;
			productType = "com.apple.product-type.bundle.unit-test";
		};
		E74FF71D1DA8F86D00012B97 /* WeiboUITests */ = {
			isa = PBXNativeTarget;
			buildConfigurationList = E74FF72D1DA8F86E00012B97 /* Build configuration list for PBXNativeTarget "WeiboUITests" */;
			buildPhases = (
				E74FF71A1DA8F86D00012B97 /* Sources */,
				E74FF71B1DA8F86D00012B97 /* Frameworks */,
				E74FF71C1DA8F86D00012B97 /* Resources */,
			);
			buildRules = (
			);
			dependencies = (
				E74FF7201DA8F86D00012B97 /* PBXTargetDependency */,
			);
			name = WeiboUITests;
			productName = WeiboUITests;
			productReference = E74FF71E1DA8F86D00012B97 /* WeiboUITests.xctest */;
			productType = "com.apple.product-type.bundle.ui-testing";
		};
/* End PBXNativeTarget section */

/* Begin PBXProject section */
		E74FF6F71DA8F86D00012B97 /* Project object */ = {
			isa = PBXProject;
			attributes = {
				LastSwiftUpdateCheck = 0800;
				LastUpgradeCheck = 0800;
				ORGANIZATIONNAME = cweihan;
				TargetAttributes = {
					E74FF6FE1DA8F86D00012B97 = {
						CreatedOnToolsVersion = 8.0;
						DevelopmentTeam = 3596LNP7HE;
						ProvisioningStyle = Automatic;
					};
					E74FF7121DA8F86D00012B97 = {
						CreatedOnToolsVersion = 8.0;
						DevelopmentTeam = 3596LNP7HE;
						ProvisioningStyle = Automatic;
						TestTargetID = E74FF6FE1DA8F86D00012B97;
					};
					E74FF71D1DA8F86D00012B97 = {
						CreatedOnToolsVersion = 8.0;
						DevelopmentTeam = 3596LNP7HE;
						ProvisioningStyle = Automatic;
						TestTargetID = E74FF6FE1DA8F86D00012B97;
					};
				};
			};
			buildConfigurationList = E74FF6FA1DA8F86D00012B97 /* Build configuration list for PBXProject "Weibo" */;
			compatibilityVersion = "Xcode 3.2";
			developmentRegion = English;
			hasScannedForEncodings = 0;
			knownRegions = (
				en,
				Base,
			);
			mainGroup = E74FF6F61DA8F86D00012B97;
			productRefGroup = E74FF7001DA8F86D00012B97 /* Products */;
			projectDirPath = "";
			projectRoot = "";
			targets = (
				E74FF6FE1DA8F86D00012B97 /* Weibo */,
				E74FF7121DA8F86D00012B97 /* WeiboTests */,
				E74FF71D1DA8F86D00012B97 /* WeiboUITests */,
			);
		};
/* End PBXProject section */

/* Begin PBXResourcesBuildPhase section */
		E74FF6FD1DA8F86D00012B97 /* Resources */ = {
			isa = PBXResourcesBuildPhase;
			buildActionMask = 2147483647;
			files = (
				E7E66BB01DAE7DEB006CBA8A /* Main.storyboard in Resources */,
				E7E66BC71DAE82B9006CBA8A /* Discover.storyboard in Resources */,
				E7E66BA81DAE15F8006CBA8A /* MainVCSettings.json in Resources */,
				E7E66BBE1DAE8045006CBA8A /* Profile.storyboard in Resources */,
				E7E66BB61DAE7FFD006CBA8A /* Message.storyboard in Resources */,
				E7E66CA71DB479D8006CBA8A /* QRCode.storyboard in Resources */,
				E74FF70A1DA8F86D00012B97 /* Assets.xcassets in Resources */,
				E7E66BB31DAE7FE8006CBA8A /* Home.storyboard in Resources */,
				E7E66BCB1DAE8C81006CBA8A /* TouristView.xib in Resources */,
				E7E66BD61DAF72E9006CBA8A /* Popover.storyboard in Resources */,
				E7E66BB91DAE8016006CBA8A /* Null.storyboard in Resources */,
			);
			runOnlyForDeploymentPostprocessing = 0;
		};
		E74FF7111DA8F86D00012B97 /* Resources */ = {
			isa = PBXResourcesBuildPhase;
			buildActionMask = 2147483647;
			files = (
			);
			runOnlyForDeploymentPostprocessing = 0;
		};
		E74FF71C1DA8F86D00012B97 /* Resources */ = {
			isa = PBXResourcesBuildPhase;
			buildActionMask = 2147483647;
			files = (
			);
			runOnlyForDeploymentPostprocessing = 0;
		};
/* End PBXResourcesBuildPhase section */

/* Begin PBXShellScriptBuildPhase section */
		00A4DAD264DE4B6065F4A41C /* [CP] Embed Pods Frameworks */ = {
			isa = PBXShellScriptBuildPhase;
			buildActionMask = 2147483647;
			files = (
			);
			inputPaths = (
			);
			name = "[CP] Embed Pods Frameworks";
			outputPaths = (
			);
			runOnlyForDeploymentPostprocessing = 0;
			shellPath = /bin/sh;
			shellScript = "\"${SRCROOT}/Pods/Target Support Files/Pods-Weibo/Pods-Weibo-frameworks.sh\"\n";
			showEnvVarsInLog = 0;
		};
		2AFB38F6FB1481A0A8534815 /* [CP] Copy Pods Resources */ = {
			isa = PBXShellScriptBuildPhase;
			buildActionMask = 2147483647;
			files = (
			);
			inputPaths = (
			);
			name = "[CP] Copy Pods Resources";
			outputPaths = (
			);
			runOnlyForDeploymentPostprocessing = 0;
			shellPath = /bin/sh;
			shellScript = "\"${SRCROOT}/Pods/Target Support Files/Pods-Weibo/Pods-Weibo-resources.sh\"\n";
			showEnvVarsInLog = 0;
		};
		C651F6008FAC174FD659F9A3 /* [CP] Check Pods Manifest.lock */ = {
			isa = PBXShellScriptBuildPhase;
			buildActionMask = 2147483647;
			files = (
			);
			inputPaths = (
			);
			name = "[CP] Check Pods Manifest.lock";
			outputPaths = (
			);
			runOnlyForDeploymentPostprocessing = 0;
			shellPath = /bin/sh;
			shellScript = "diff \"${PODS_ROOT}/../Podfile.lock\" \"${PODS_ROOT}/Manifest.lock\" > /dev/null\nif [[ $? != 0 ]] ; then\n    cat << EOM\nerror: The sandbox is not in sync with the Podfile.lock. Run 'pod install' or update your CocoaPods installation.\nEOM\n    exit 1\nfi\n";
			showEnvVarsInLog = 0;
		};
/* End PBXShellScriptBuildPhase section */

/* Begin PBXSourcesBuildPhase section */
		E74FF6FB1DA8F86D00012B97 /* Sources */ = {
			isa = PBXSourcesBuildPhase;
			buildActionMask = 2147483647;
			files = (
				E7E66BA41DADDE00006CBA8A /* ProfileViewController.swift in Sources */,
				E74FF7031DA8F86D00012B97 /* AppDelegate.swift in Sources */,
				E7E66CA91DB49AA4006CBA8A /* QRCodeViewController.swift in Sources */,
				E7E66BDA1DAF906F006CBA8A /* PopoverViewController.swift in Sources */,
				E7E66BCF1DAF3E07006CBA8A /* UIBarButtonItem-Extension.swift in Sources */,
				E7E66BA01DADDDDC006CBA8A /* DiscoverViewController.swift in Sources */,
				E7E66BC91DAE8BD0006CBA8A /* TouristView.swift in Sources */,
				E7E66BD81DAF780B006CBA8A /* WHPresentationController.swift in Sources */,
				E7E66B9C1DADDDB5006CBA8A /* MainViewController.swift in Sources */,
				E7E66B9E1DADDDCC006CBA8A /* HomeViewController.swift in Sources */,
				E7E66BC01DAE8179006CBA8A /* BaseViewController.swift in Sources */,
				E7E66BA21DADDDF1006CBA8A /* MessageViewController.swift in Sources */,
				E7E66BA91DAE15F8006CBA8A /* NullViewController.swift in Sources */,
				E7E66BD31DAF6802006CBA8A /* TitleButton.swift in Sources */,
				E7E66CA41DB46E17006CBA8A /* WHPresentationManager.swift in Sources */,
				E7E66BAB1DAE3D39006CBA8A /* UIButton-Extension.swift in Sources */,
			);
			runOnlyForDeploymentPostprocessing = 0;
		};
		E74FF70F1DA8F86D00012B97 /* Sources */ = {
			isa = PBXSourcesBuildPhase;
			buildActionMask = 2147483647;
			files = (
				E74FF7181DA8F86D00012B97 /* WeiboTests.swift in Sources */,
			);
			runOnlyForDeploymentPostprocessing = 0;
		};
		E74FF71A1DA8F86D00012B97 /* Sources */ = {
			isa = PBXSourcesBuildPhase;
			buildActionMask = 2147483647;
			files = (
				E74FF7231DA8F86E00012B97 /* WeiboUITests.swift in Sources */,
			);
			runOnlyForDeploymentPostprocessing = 0;
		};
/* End PBXSourcesBuildPhase section */

/* Begin PBXTargetDependency section */
		E74FF7151DA8F86D00012B97 /* PBXTargetDependency */ = {
			isa = PBXTargetDependency;
			target = E74FF6FE1DA8F86D00012B97 /* Weibo */;
			targetProxy = E74FF7141DA8F86D00012B97 /* PBXContainerItemProxy */;
		};
		E74FF7201DA8F86D00012B97 /* PBXTargetDependency */ = {
			isa = PBXTargetDependency;
			target = E74FF6FE1DA8F86D00012B97 /* Weibo */;
			targetProxy = E74FF71F1DA8F86D00012B97 /* PBXContainerItemProxy */;
		};
/* End PBXTargetDependency section */

/* Begin PBXVariantGroup section */
		E7E66BAE1DAE7DEB006CBA8A /* Main.storyboard */ = {
			isa = PBXVariantGroup;
			children = (
				E7E66BAF1DAE7DEB006CBA8A /* Base */,
			);
			name = Main.storyboard;
			sourceTree = "<group>";
		};
		E7E66BB11DAE7FE8006CBA8A /* Home.storyboard */ = {
			isa = PBXVariantGroup;
			children = (
				E7E66BB21DAE7FE8006CBA8A /* Base */,
			);
			name = Home.storyboard;
			path = ../Main;
			sourceTree = "<group>";
		};
		E7E66BB41DAE7FFD006CBA8A /* Message.storyboard */ = {
			isa = PBXVariantGroup;
			children = (
				E7E66BB51DAE7FFD006CBA8A /* Base */,
			);
			name = Message.storyboard;
			path = ../Main;
			sourceTree = "<group>";
		};
		E7E66BB71DAE8016006CBA8A /* Null.storyboard */ = {
			isa = PBXVariantGroup;
			children = (
				E7E66BB81DAE8016006CBA8A /* Base */,
			);
			name = Null.storyboard;
			path = ..;
			sourceTree = "<group>";
		};
		E7E66BBC1DAE8045006CBA8A /* Profile.storyboard */ = {
			isa = PBXVariantGroup;
			children = (
				E7E66BBD1DAE8045006CBA8A /* Base */,
			);
			name = Profile.storyboard;
			path = ../Main;
			sourceTree = "<group>";
		};
		E7E66BC51DAE82B9006CBA8A /* Discover.storyboard */ = {
			isa = PBXVariantGroup;
			children = (
				E7E66BC61DAE82B9006CBA8A /* Base */,
			);
			name = Discover.storyboard;
			path = ../Main;
			sourceTree = "<group>";
		};
/* End PBXVariantGroup section */

/* Begin XCBuildConfiguration section */
		E74FF7251DA8F86E00012B97 /* Debug */ = {
			isa = XCBuildConfiguration;
			buildSettings = {
				ALWAYS_SEARCH_USER_PATHS = NO;
				CLANG_ANALYZER_NONNULL = YES;
				CLANG_CXX_LANGUAGE_STANDARD = "gnu++0x";
				CLANG_CXX_LIBRARY = "libc++";
				CLANG_ENABLE_MODULES = YES;
				CLANG_ENABLE_OBJC_ARC = YES;
				CLANG_WARN_BOOL_CONVERSION = YES;
				CLANG_WARN_CONSTANT_CONVERSION = YES;
				CLANG_WARN_DIRECT_OBJC_ISA_USAGE = YES_ERROR;
				CLANG_WARN_DOCUMENTATION_COMMENTS = YES;
				CLANG_WARN_EMPTY_BODY = YES;
				CLANG_WARN_ENUM_CONVERSION = YES;
				CLANG_WARN_INFINITE_RECURSION = YES;
				CLANG_WARN_INT_CONVERSION = YES;
				CLANG_WARN_OBJC_ROOT_CLASS = YES_ERROR;
				CLANG_WARN_SUSPICIOUS_MOVES = YES;
				CLANG_WARN_UNREACHABLE_CODE = YES;
				CLANG_WARN__DUPLICATE_METHOD_MATCH = YES;
				"CODE_SIGN_IDENTITY[sdk=iphoneos*]" = "iPhone Developer";
				COPY_PHASE_STRIP = NO;
				DEBUG_INFORMATION_FORMAT = dwarf;
				ENABLE_STRICT_OBJC_MSGSEND = YES;
				ENABLE_TESTABILITY = YES;
				GCC_C_LANGUAGE_STANDARD = gnu99;
				GCC_DYNAMIC_NO_PIC = NO;
				GCC_NO_COMMON_BLOCKS = YES;
				GCC_OPTIMIZATION_LEVEL = 0;
				GCC_PREPROCESSOR_DEFINITIONS = (
					"DEBUG=1",
					"$(inherited)",
				);
				GCC_WARN_64_TO_32_BIT_CONVERSION = YES;
				GCC_WARN_ABOUT_RETURN_TYPE = YES_ERROR;
				GCC_WARN_UNDECLARED_SELECTOR = YES;
				GCC_WARN_UNINITIALIZED_AUTOS = YES_AGGRESSIVE;
				GCC_WARN_UNUSED_FUNCTION = YES;
				GCC_WARN_UNUSED_VARIABLE = YES;
				IPHONEOS_DEPLOYMENT_TARGET = 10.0;
				MTL_ENABLE_DEBUG_INFO = YES;
				ONLY_ACTIVE_ARCH = YES;
				SDKROOT = iphoneos;
				SWIFT_ACTIVE_COMPILATION_CONDITIONS = DEBUG;
				SWIFT_OPTIMIZATION_LEVEL = "-Onone";
			};
			name = Debug;
		};
		E74FF7261DA8F86E00012B97 /* Release */ = {
			isa = XCBuildConfiguration;
			buildSettings = {
				ALWAYS_SEARCH_USER_PATHS = NO;
				CLANG_ANALYZER_NONNULL = YES;
				CLANG_CXX_LANGUAGE_STANDARD = "gnu++0x";
				CLANG_CXX_LIBRARY = "libc++";
				CLANG_ENABLE_MODULES = YES;
				CLANG_ENABLE_OBJC_ARC = YES;
				CLANG_WARN_BOOL_CONVERSION = YES;
				CLANG_WARN_CONSTANT_CONVERSION = YES;
				CLANG_WARN_DIRECT_OBJC_ISA_USAGE = YES_ERROR;
				CLANG_WARN_DOCUMENTATION_COMMENTS = YES;
				CLANG_WARN_EMPTY_BODY = YES;
				CLANG_WARN_ENUM_CONVERSION = YES;
				CLANG_WARN_INFINITE_RECURSION = YES;
				CLANG_WARN_INT_CONVERSION = YES;
				CLANG_WARN_OBJC_ROOT_CLASS = YES_ERROR;
				CLANG_WARN_SUSPICIOUS_MOVES = YES;
				CLANG_WARN_UNREACHABLE_CODE = YES;
				CLANG_WARN__DUPLICATE_METHOD_MATCH = YES;
				"CODE_SIGN_IDENTITY[sdk=iphoneos*]" = "iPhone Developer";
				COPY_PHASE_STRIP = NO;
				DEBUG_INFORMATION_FORMAT = "dwarf-with-dsym";
				ENABLE_NS_ASSERTIONS = NO;
				ENABLE_STRICT_OBJC_MSGSEND = YES;
				GCC_C_LANGUAGE_STANDARD = gnu99;
				GCC_NO_COMMON_BLOCKS = YES;
				GCC_WARN_64_TO_32_BIT_CONVERSION = YES;
				GCC_WARN_ABOUT_RETURN_TYPE = YES_ERROR;
				GCC_WARN_UNDECLARED_SELECTOR = YES;
				GCC_WARN_UNINITIALIZED_AUTOS = YES_AGGRESSIVE;
				GCC_WARN_UNUSED_FUNCTION = YES;
				GCC_WARN_UNUSED_VARIABLE = YES;
				IPHONEOS_DEPLOYMENT_TARGET = 10.0;
				MTL_ENABLE_DEBUG_INFO = NO;
				SDKROOT = iphoneos;
				SWIFT_OPTIMIZATION_LEVEL = "-Owholemodule";
				VALIDATE_PRODUCT = YES;
			};
			name = Release;
		};
		E74FF7281DA8F86E00012B97 /* Debug */ = {
			isa = XCBuildConfiguration;
			baseConfigurationReference = 232D7AEBFB40850EA3DFF353 /* Pods-Weibo.debug.xcconfig */;
			buildSettings = {
				ASSETCATALOG_COMPILER_APPICON_NAME = AppIcon;
				ASSETCATALOG_COMPILER_LAUNCHIMAGE_NAME = LaunchImage;
				DEVELOPMENT_TEAM = 3596LNP7HE;
				INFOPLIST_FILE = Weibo/Info.plist;
				IPHONEOS_DEPLOYMENT_TARGET = 10.0;
				LD_RUNPATH_SEARCH_PATHS = "$(inherited) @executable_path/Frameworks";
				PRODUCT_BUNDLE_IDENTIFIER = com.cweihan.Weibo;
				PRODUCT_NAME = Weibo;
				SWIFT_VERSION = 3.0;
			};
			name = Debug;
		};
		E74FF7291DA8F86E00012B97 /* Release */ = {
			isa = XCBuildConfiguration;
			baseConfigurationReference = 47A1A735D33C4DF89A35C18E /* Pods-Weibo.release.xcconfig */;
			buildSettings = {
				ASSETCATALOG_COMPILER_APPICON_NAME = AppIcon;
				ASSETCATALOG_COMPILER_LAUNCHIMAGE_NAME = LaunchImage;
				DEVELOPMENT_TEAM = 3596LNP7HE;
				INFOPLIST_FILE = Weibo/Info.plist;
				IPHONEOS_DEPLOYMENT_TARGET = 10.0;
				LD_RUNPATH_SEARCH_PATHS = "$(inherited) @executable_path/Frameworks";
				PRODUCT_BUNDLE_IDENTIFIER = com.cweihan.Weibo;
				PRODUCT_NAME = Weibo;
				SWIFT_VERSION = 3.0;
			};
			name = Release;
		};
		E74FF72B1DA8F86E00012B97 /* Debug */ = {
			isa = XCBuildConfiguration;
			buildSettings = {
				ALWAYS_EMBED_SWIFT_STANDARD_LIBRARIES = YES;
				BUNDLE_LOADER = "$(TEST_HOST)";
				DEVELOPMENT_TEAM = 3596LNP7HE;
				INFOPLIST_FILE = WeiboTests/Info.plist;
				LD_RUNPATH_SEARCH_PATHS = "$(inherited) @executable_path/Frameworks @loader_path/Frameworks";
				PRODUCT_BUNDLE_IDENTIFIER = com.cweihan.WeiboTests;
				PRODUCT_NAME = "$(TARGET_NAME)";
				SWIFT_VERSION = 3.0;
				TEST_HOST = "$(BUILT_PRODUCTS_DIR)/Weibo.app/Weibo";
			};
			name = Debug;
		};
		E74FF72C1DA8F86E00012B97 /* Release */ = {
			isa = XCBuildConfiguration;
			buildSettings = {
				ALWAYS_EMBED_SWIFT_STANDARD_LIBRARIES = YES;
				BUNDLE_LOADER = "$(TEST_HOST)";
				DEVELOPMENT_TEAM = 3596LNP7HE;
				INFOPLIST_FILE = WeiboTests/Info.plist;
				LD_RUNPATH_SEARCH_PATHS = "$(inherited) @executable_path/Frameworks @loader_path/Frameworks";
				PRODUCT_BUNDLE_IDENTIFIER = com.cweihan.WeiboTests;
				PRODUCT_NAME = "$(TARGET_NAME)";
				SWIFT_VERSION = 3.0;
				TEST_HOST = "$(BUILT_PRODUCTS_DIR)/Weibo.app/Weibo";
			};
			name = Release;
		};
		E74FF72E1DA8F86E00012B97 /* Debug */ = {
			isa = XCBuildConfiguration;
			buildSettings = {
				ALWAYS_EMBED_SWIFT_STANDARD_LIBRARIES = YES;
				DEVELOPMENT_TEAM = 3596LNP7HE;
				INFOPLIST_FILE = WeiboUITests/Info.plist;
				LD_RUNPATH_SEARCH_PATHS = "$(inherited) @executable_path/Frameworks @loader_path/Frameworks";
				PRODUCT_BUNDLE_IDENTIFIER = com.cweihan.WeiboUITests;
				PRODUCT_NAME = "$(TARGET_NAME)";
				SWIFT_VERSION = 3.0;
				TEST_TARGET_NAME = Weibo;
			};
			name = Debug;
		};
		E74FF72F1DA8F86E00012B97 /* Release */ = {
			isa = XCBuildConfiguration;
			buildSettings = {
				ALWAYS_EMBED_SWIFT_STANDARD_LIBRARIES = YES;
				DEVELOPMENT_TEAM = 3596LNP7HE;
				INFOPLIST_FILE = WeiboUITests/Info.plist;
				LD_RUNPATH_SEARCH_PATHS = "$(inherited) @executable_path/Frameworks @loader_path/Frameworks";
				PRODUCT_BUNDLE_IDENTIFIER = com.cweihan.WeiboUITests;
				PRODUCT_NAME = "$(TARGET_NAME)";
				SWIFT_VERSION = 3.0;
				TEST_TARGET_NAME = Weibo;
			};
			name = Release;
		};
/* End XCBuildConfiguration section */

/* Begin XCConfigurationList section */
		E74FF6FA1DA8F86D00012B97 /* Build configuration list for PBXProject "Weibo" */ = {
			isa = XCConfigurationList;
			buildConfigurations = (
				E74FF7251DA8F86E00012B97 /* Debug */,
				E74FF7261DA8F86E00012B97 /* Release */,
			);
			defaultConfigurationIsVisible = 0;
			defaultConfigurationName = Release;
		};
		E74FF7271DA8F86E00012B97 /* Build configuration list for PBXNativeTarget "Weibo" */ = {
			isa = XCConfigurationList;
			buildConfigurations = (
				E74FF7281DA8F86E00012B97 /* Debug */,
				E74FF7291DA8F86E00012B97 /* Release */,
			);
			defaultConfigurationIsVisible = 0;
			defaultConfigurationName = Release;
		};
		E74FF72A1DA8F86E00012B97 /* Build configuration list for PBXNativeTarget "WeiboTests" */ = {
			isa = XCConfigurationList;
			buildConfigurations = (
				E74FF72B1DA8F86E00012B97 /* Debug */,
				E74FF72C1DA8F86E00012B97 /* Release */,
			);
			defaultConfigurationIsVisible = 0;
			defaultConfigurationName = Release;
		};
		E74FF72D1DA8F86E00012B97 /* Build configuration list for PBXNativeTarget "WeiboUITests" */ = {
			isa = XCConfigurationList;
			buildConfigurations = (
				E74FF72E1DA8F86E00012B97 /* Debug */,
				E74FF72F1DA8F86E00012B97 /* Release */,
			);
			defaultConfigurationIsVisible = 0;
			defaultConfigurationName = Release;
		};
/* End XCConfigurationList section */
	};
	rootObject = E74FF6F71DA8F86D00012B97 /* Project object */;
}
